// !$*UTF8*$!
{
	archiveVersion = 1;
	classes = {
	};
	objectVersion = 46;
	objects = {

/* Begin PBXBuildFile section */
		0F0488771CE0762900375563 /* Cocoa.framework in Frameworks */ = {isa = PBXBuildFile; fileRef = 0F0488761CE0762900375563 /* Cocoa.framework */; };
		0F0488811CE0762900375563 /* InfoPlist.strings in Resources */ = {isa = PBXBuildFile; fileRef = 0F04887F1CE0762900375563 /* InfoPlist.strings */; };
		0F0488851CE0762900375563 /* LXTool.m in Sources */ = {isa = PBXBuildFile; fileRef = 0F0488841CE0762900375563 /* LXTool.m */; };
		0F04888C1CE0762900375563 /* XCTest.framework in Frameworks */ = {isa = PBXBuildFile; fileRef = 0F04888B1CE0762900375563 /* XCTest.framework */; };
		0F04888D1CE0762900375563 /* Cocoa.framework in Frameworks */ = {isa = PBXBuildFile; fileRef = 0F0488761CE0762900375563 /* Cocoa.framework */; };
		0F0488901CE0762A00375563 /* LXTool.framework in Frameworks */ = {isa = PBXBuildFile; fileRef = 0F0488731CE0762900375563 /* LXTool.framework */; };
		0F0488961CE0762A00375563 /* InfoPlist.strings in Resources */ = {isa = PBXBuildFile; fileRef = 0F0488941CE0762A00375563 /* InfoPlist.strings */; };
		0F0488981CE0762A00375563 /* LXToolTests.m in Sources */ = {isa = PBXBuildFile; fileRef = 0F0488971CE0762A00375563 /* LXToolTests.m */; };
		0F0488A71CE0772D00375563 /* ANSIUtility.h in Headers */ = {isa = PBXBuildFile; fileRef = 0F0488A31CE0772D00375563 /* ANSIUtility.h */; settings = {ATTRIBUTES = (Public, ); }; };
		0F0488A81CE0772D00375563 /* ANSIUtility.m in Sources */ = {isa = PBXBuildFile; fileRef = 0F0488A41CE0772D00375563 /* ANSIUtility.m */; };
		0F0488A91CE0772D00375563 /* Utility.h in Headers */ = {isa = PBXBuildFile; fileRef = 0F0488A51CE0772D00375563 /* Utility.h */; settings = {ATTRIBUTES = (Public, ); }; };
		0F0488AA1CE0772D00375563 /* Utility.m in Sources */ = {isa = PBXBuildFile; fileRef = 0F0488A61CE0772D00375563 /* Utility.m */; };
		0F0488AD1CE0775B00375563 /* NSString+TrimLeadingWhitespace.h in Headers */ = {isa = PBXBuildFile; fileRef = 0F0488AB1CE0775B00375563 /* NSString+TrimLeadingWhitespace.h */; settings = {ATTRIBUTES = (Public, ); }; };
		0F0488AE1CE0775B00375563 /* NSString+TrimLeadingWhitespace.m in Sources */ = {isa = PBXBuildFile; fileRef = 0F0488AC1CE0775B00375563 /* NSString+TrimLeadingWhitespace.m */; };
		0F0488B51CE0778300375563 /* LXIvar.h in Headers */ = {isa = PBXBuildFile; fileRef = 0F0488B01CE0778300375563 /* LXIvar.h */; };
		0F0488B61CE0778300375563 /* LXIvar.m in Sources */ = {isa = PBXBuildFile; fileRef = 0F0488B11CE0778300375563 /* LXIvar.m */; };
		0F0488B71CE0778300375563 /* NSObject+LXDict.h in Headers */ = {isa = PBXBuildFile; fileRef = 0F0488B21CE0778300375563 /* NSObject+LXDict.h */; settings = {ATTRIBUTES = (Public, ); }; };
		0F0488B81CE0778300375563 /* NSObject+LXDict.m in Sources */ = {isa = PBXBuildFile; fileRef = 0F0488B31CE0778300375563 /* NSObject+LXDict.m */; };
		0F0488BF1CE077FC00375563 /* LXKeyChain.h in Headers */ = {isa = PBXBuildFile; fileRef = 0F0488BB1CE077FC00375563 /* LXKeyChain.h */; settings = {ATTRIBUTES = (Public, ); }; };
		0F0488C01CE077FC00375563 /* LXKeyChain.m in Sources */ = {isa = PBXBuildFile; fileRef = 0F0488BC1CE077FC00375563 /* LXKeyChain.m */; };
		0F0488C31CE07ABE00375563 /* LXTool.h in Headers */ = {isa = PBXBuildFile; fileRef = 0F0488831CE0762900375563 /* LXTool.h */; settings = {ATTRIBUTES = (Public, ); }; };
		0F38E8D6204AC26100C9AEFC /* NSColor+LX.h in Headers */ = {isa = PBXBuildFile; fileRef = 0F38E8D4204AC26100C9AEFC /* NSColor+LX.h */; settings = {ATTRIBUTES = (Public, ); }; };
		0F38E8D7204AC26100C9AEFC /* NSColor+LX.m in Sources */ = {isa = PBXBuildFile; fileRef = 0F38E8D5204AC26100C9AEFC /* NSColor+LX.m */; };
		0FB87EB71D7479B600E1680B /* AA3DESManager.h in Headers */ = {isa = PBXBuildFile; fileRef = 0FB87EA01D7479B600E1680B /* AA3DESManager.h */; };
		0FB87EB81D7479B600E1680B /* AA3DESManager.m in Sources */ = {isa = PBXBuildFile; fileRef = 0FB87EA11D7479B600E1680B /* AA3DESManager.m */; };
		0FB87EB91D7479B600E1680B /* GTMBase64.h in Headers */ = {isa = PBXBuildFile; fileRef = 0FB87EA31D7479B600E1680B /* GTMBase64.h */; };
		0FB87EBA1D7479B600E1680B /* GTMBase64.m in Sources */ = {isa = PBXBuildFile; fileRef = 0FB87EA41D7479B600E1680B /* GTMBase64.m */; };
		0FB87EBB1D7479B600E1680B /* GTMDefines.h in Headers */ = {isa = PBXBuildFile; fileRef = 0FB87EA51D7479B600E1680B /* GTMDefines.h */; };
		0FB87EBC1D7479B600E1680B /* CCMBase64.h in Headers */ = {isa = PBXBuildFile; fileRef = 0FB87EA71D7479B600E1680B /* CCMBase64.h */; };
		0FB87EBD1D7479B600E1680B /* CCMBase64.m in Sources */ = {isa = PBXBuildFile; fileRef = 0FB87EA81D7479B600E1680B /* CCMBase64.m */; };
		0FB87EBE1D7479B600E1680B /* CCMCryptor.h in Headers */ = {isa = PBXBuildFile; fileRef = 0FB87EA91D7479B600E1680B /* CCMCryptor.h */; };
		0FB87EBF1D7479B600E1680B /* CCMCryptor.m in Sources */ = {isa = PBXBuildFile; fileRef = 0FB87EAA1D7479B600E1680B /* CCMCryptor.m */; };
		0FB87EC01D7479B600E1680B /* CCMKeyLoader.h in Headers */ = {isa = PBXBuildFile; fileRef = 0FB87EAB1D7479B600E1680B /* CCMKeyLoader.h */; };
		0FB87EC11D7479B600E1680B /* CCMKeyLoader.m in Sources */ = {isa = PBXBuildFile; fileRef = 0FB87EAC1D7479B600E1680B /* CCMKeyLoader.m */; };
		0FB87EC21D7479B600E1680B /* CCMPrivateKey.h in Headers */ = {isa = PBXBuildFile; fileRef = 0FB87EAD1D7479B600E1680B /* CCMPrivateKey.h */; };
		0FB87EC31D7479B600E1680B /* CCMPrivateKey.m in Sources */ = {isa = PBXBuildFile; fileRef = 0FB87EAE1D7479B600E1680B /* CCMPrivateKey.m */; };
		0FB87EC41D7479B600E1680B /* CCMPrivateKey_internal.h in Headers */ = {isa = PBXBuildFile; fileRef = 0FB87EAF1D7479B600E1680B /* CCMPrivateKey_internal.h */; };
		0FB87EC51D7479B600E1680B /* CCMPublicKey.h in Headers */ = {isa = PBXBuildFile; fileRef = 0FB87EB01D7479B600E1680B /* CCMPublicKey.h */; };
		0FB87EC61D7479B600E1680B /* CCMPublicKey.m in Sources */ = {isa = PBXBuildFile; fileRef = 0FB87EB11D7479B600E1680B /* CCMPublicKey.m */; };
		0FB87EC71D7479B600E1680B /* CCMPublicKey_internal.h in Headers */ = {isa = PBXBuildFile; fileRef = 0FB87EB21D7479B600E1680B /* CCMPublicKey_internal.h */; };
		0FB87EC81D7479B600E1680B /* CSSMRSACryptor.h in Headers */ = {isa = PBXBuildFile; fileRef = 0FB87EB31D7479B600E1680B /* CSSMRSACryptor.h */; };
		0FB87EC91D7479B600E1680B /* CSSMRSACryptor.m in Sources */ = {isa = PBXBuildFile; fileRef = 0FB87EB41D7479B600E1680B /* CSSMRSACryptor.m */; };
		0FB87ECA1D7479B600E1680B /* LXLicenseTool.h in Headers */ = {isa = PBXBuildFile; fileRef = 0FB87EB51D7479B600E1680B /* LXLicenseTool.h */; settings = {ATTRIBUTES = (Public, ); }; };
		0FB87ECB1D7479B600E1680B /* LXLicenseTool.m in Sources */ = {isa = PBXBuildFile; fileRef = 0FB87EB61D7479B600E1680B /* LXLicenseTool.m */; };
		0FC11A8E1DEABAA300439589 /* TestAAgentViewInit.h in Headers */ = {isa = PBXBuildFile; fileRef = 0FC11A8C1DEABAA300439589 /* TestAAgentViewInit.h */; settings = {ATTRIBUTES = (Public, ); }; };
		0FC11A8F1DEABAA300439589 /* TestAAgentViewInit.m in Sources */ = {isa = PBXBuildFile; fileRef = 0FC11A8D1DEABAA300439589 /* TestAAgentViewInit.m */; };
		0FD48CF91DB34E4000B76114 /* FBErrorBuilder.h in Headers */ = {isa = PBXBuildFile; fileRef = 0FD48CEE1DB34E4000B76114 /* FBErrorBuilder.h */; };
		0FD48CFA1DB34E4000B76114 /* FBErrorBuilder.m in Sources */ = {isa = PBXBuildFile; fileRef = 0FD48CEF1DB34E4000B76114 /* FBErrorBuilder.m */; };
		0FD48CFD1DB34E4000B76114 /* TestAAgentServerRequestCommands.h in Headers */ = {isa = PBXBuildFile; fileRef = 0FD48CF21DB34E4000B76114 /* TestAAgentServerRequestCommands.h */; };
		0FD48CFE1DB34E4000B76114 /* TestAAgentServerRequestCommands.m in Sources */ = {isa = PBXBuildFile; fileRef = 0FD48CF31DB34E4000B76114 /* TestAAgentServerRequestCommands.m */; };
		0FD48CFF1DB34E4000B76114 /* TestAAgentTool.h in Headers */ = {isa = PBXBuildFile; fileRef = 0FD48CF41DB34E4000B76114 /* TestAAgentTool.h */; settings = {ATTRIBUTES = (Public, ); }; };
		0FD48D001DB34E4000B76114 /* TestAAgentTool.m in Sources */ = {isa = PBXBuildFile; fileRef = 0FD48CF51DB34E4000B76114 /* TestAAgentTool.m */; };
		0FD48D011DB34E4000B76114 /* TestAElementTypeTransformer.h in Headers */ = {isa = PBXBuildFile; fileRef = 0FD48CF61DB34E4000B76114 /* TestAElementTypeTransformer.h */; settings = {ATTRIBUTES = (Public, ); }; };
		0FD48D021DB34E4000B76114 /* TestAElementTypeTransformer.m in Sources */ = {isa = PBXBuildFile; fileRef = 0FD48CF71DB34E4000B76114 /* TestAElementTypeTransformer.m */; };
		0FD48D031DB34E4000B76114 /* TestWaAgentGeneral.h in Headers */ = {isa = PBXBuildFile; fileRef = 0FD48CF81DB34E4000B76114 /* TestWaAgentGeneral.h */; settings = {ATTRIBUTES = (Public, ); }; };
		0FD48D0E1DB34E4F00B76114 /* Peertalk.h in Headers */ = {isa = PBXBuildFile; fileRef = 0FD48D051DB34E4F00B76114 /* Peertalk.h */; };
		0FD48D0F1DB34E4F00B76114 /* prefix.pch in Headers */ = {isa = PBXBuildFile; fileRef = 0FD48D061DB34E4F00B76114 /* prefix.pch */; };
		0FD48D101DB34E4F00B76114 /* PTChannel.h in Headers */ = {isa = PBXBuildFile; fileRef = 0FD48D071DB34E4F00B76114 /* PTChannel.h */; };
		0FD48D111DB34E4F00B76114 /* PTChannel.m in Sources */ = {isa = PBXBuildFile; fileRef = 0FD48D081DB34E4F00B76114 /* PTChannel.m */; };
		0FD48D121DB34E4F00B76114 /* PTPrivate.h in Headers */ = {isa = PBXBuildFile; fileRef = 0FD48D091DB34E4F00B76114 /* PTPrivate.h */; };
		0FD48D131DB34E4F00B76114 /* PTProtocol.h in Headers */ = {isa = PBXBuildFile; fileRef = 0FD48D0A1DB34E4F00B76114 /* PTProtocol.h */; };
		0FD48D141DB34E4F00B76114 /* PTProtocol.m in Sources */ = {isa = PBXBuildFile; fileRef = 0FD48D0B1DB34E4F00B76114 /* PTProtocol.m */; };
		0FD48D151DB34E4F00B76114 /* PTUSBHub.h in Headers */ = {isa = PBXBuildFile; fileRef = 0FD48D0C1DB34E4F00B76114 /* PTUSBHub.h */; };
		0FD48D161DB34E4F00B76114 /* PTUSBHub.m in Sources */ = {isa = PBXBuildFile; fileRef = 0FD48D0D1DB34E4F00B76114 /* PTUSBHub.m */; };
/* End PBXBuildFile section */

/* Begin PBXContainerItemProxy section */
		0F04888E1CE0762A00375563 /* PBXContainerItemProxy */ = {
			isa = PBXContainerItemProxy;
			containerPortal = 0F04886A1CE0762900375563 /* Project object */;
			proxyType = 1;
			remoteGlobalIDString = 0F0488721CE0762900375563;
			remoteInfo = LXTool;
		};
/* End PBXContainerItemProxy section */

/* Begin PBXFileReference section */
		0F0488731CE0762900375563 /* LXTool.framework */ = {isa = PBXFileReference; explicitFileType = wrapper.framework; includeInIndex = 0; path = LXTool.framework; sourceTree = BUILT_PRODUCTS_DIR; };
		0F0488761CE0762900375563 /* Cocoa.framework */ = {isa = PBXFileReference; lastKnownFileType = wrapper.framework; name = Cocoa.framework; path = System/Library/Frameworks/Cocoa.framework; sourceTree = SDKROOT; };
		0F0488791CE0762900375563 /* Foundation.framework */ = {isa = PBXFileReference; lastKnownFileType = wrapper.framework; name = Foundation.framework; path = System/Library/Frameworks/Foundation.framework; sourceTree = SDKROOT; };
		0F04887A1CE0762900375563 /* CoreData.framework */ = {isa = PBXFileReference; lastKnownFileType = wrapper.framework; name = CoreData.framework; path = System/Library/Frameworks/CoreData.framework; sourceTree = SDKROOT; };
		0F04887B1CE0762900375563 /* AppKit.framework */ = {isa = PBXFileReference; lastKnownFileType = wrapper.framework; name = AppKit.framework; path = System/Library/Frameworks/AppKit.framework; sourceTree = SDKROOT; };
		0F04887E1CE0762900375563 /* LXTool-Info.plist */ = {isa = PBXFileReference; lastKnownFileType = text.plist.xml; path = "LXTool-Info.plist"; sourceTree = "<group>"; };
		0F0488801CE0762900375563 /* en */ = {isa = PBXFileReference; lastKnownFileType = text.plist.strings; name = en; path = en.lproj/InfoPlist.strings; sourceTree = "<group>"; };
		0F0488821CE0762900375563 /* LXTool-Prefix.pch */ = {isa = PBXFileReference; lastKnownFileType = sourcecode.c.h; path = "LXTool-Prefix.pch"; sourceTree = "<group>"; };
		0F0488831CE0762900375563 /* LXTool.h */ = {isa = PBXFileReference; lastKnownFileType = sourcecode.c.h; path = LXTool.h; sourceTree = "<group>"; };
		0F0488841CE0762900375563 /* LXTool.m */ = {isa = PBXFileReference; lastKnownFileType = sourcecode.c.objc; path = LXTool.m; sourceTree = "<group>"; };
		0F04888A1CE0762900375563 /* LXToolTests.xctest */ = {isa = PBXFileReference; explicitFileType = wrapper.cfbundle; includeInIndex = 0; path = LXToolTests.xctest; sourceTree = BUILT_PRODUCTS_DIR; };
		0F04888B1CE0762900375563 /* XCTest.framework */ = {isa = PBXFileReference; lastKnownFileType = wrapper.framework; name = XCTest.framework; path = Library/Frameworks/XCTest.framework; sourceTree = DEVELOPER_DIR; };
		0F0488931CE0762A00375563 /* LXToolTests-Info.plist */ = {isa = PBXFileReference; lastKnownFileType = text.plist.xml; path = "LXToolTests-Info.plist"; sourceTree = "<group>"; };
		0F0488951CE0762A00375563 /* en */ = {isa = PBXFileReference; lastKnownFileType = text.plist.strings; name = en; path = en.lproj/InfoPlist.strings; sourceTree = "<group>"; };
		0F0488971CE0762A00375563 /* LXToolTests.m */ = {isa = PBXFileReference; lastKnownFileType = sourcecode.c.objc; path = LXToolTests.m; sourceTree = "<group>"; };
		0F0488A31CE0772D00375563 /* ANSIUtility.h */ = {isa = PBXFileReference; fileEncoding = 4; lastKnownFileType = sourcecode.c.h; path = ANSIUtility.h; sourceTree = "<group>"; };
		0F0488A41CE0772D00375563 /* ANSIUtility.m */ = {isa = PBXFileReference; fileEncoding = 4; lastKnownFileType = sourcecode.c.objc; path = ANSIUtility.m; sourceTree = "<group>"; };
		0F0488A51CE0772D00375563 /* Utility.h */ = {isa = PBXFileReference; fileEncoding = 4; lastKnownFileType = sourcecode.c.h; path = Utility.h; sourceTree = "<group>"; };
		0F0488A61CE0772D00375563 /* Utility.m */ = {isa = PBXFileReference; fileEncoding = 4; lastKnownFileType = sourcecode.c.objc; path = Utility.m; sourceTree = "<group>"; };
		0F0488AB1CE0775B00375563 /* NSString+TrimLeadingWhitespace.h */ = {isa = PBXFileReference; fileEncoding = 4; lastKnownFileType = sourcecode.c.h; path = "NSString+TrimLeadingWhitespace.h"; sourceTree = "<group>"; };
		0F0488AC1CE0775B00375563 /* NSString+TrimLeadingWhitespace.m */ = {isa = PBXFileReference; fileEncoding = 4; lastKnownFileType = sourcecode.c.objc; path = "NSString+TrimLeadingWhitespace.m"; sourceTree = "<group>"; };
		0F0488B01CE0778300375563 /* LXIvar.h */ = {isa = PBXFileReference; fileEncoding = 4; lastKnownFileType = sourcecode.c.h; path = LXIvar.h; sourceTree = "<group>"; };
		0F0488B11CE0778300375563 /* LXIvar.m */ = {isa = PBXFileReference; fileEncoding = 4; lastKnownFileType = sourcecode.c.objc; path = LXIvar.m; sourceTree = "<group>"; };
		0F0488B21CE0778300375563 /* NSObject+LXDict.h */ = {isa = PBXFileReference; fileEncoding = 4; lastKnownFileType = sourcecode.c.h; path = "NSObject+LXDict.h"; sourceTree = "<group>"; };
		0F0488B31CE0778300375563 /* NSObject+LXDict.m */ = {isa = PBXFileReference; fileEncoding = 4; lastKnownFileType = sourcecode.c.objc; path = "NSObject+LXDict.m"; sourceTree = "<group>"; };
		0F0488BB1CE077FC00375563 /* LXKeyChain.h */ = {isa = PBXFileReference; fileEncoding = 4; lastKnownFileType = sourcecode.c.h; path = LXKeyChain.h; sourceTree = "<group>"; };
		0F0488BC1CE077FC00375563 /* LXKeyChain.m */ = {isa = PBXFileReference; fileEncoding = 4; lastKnownFileType = sourcecode.c.objc; path = LXKeyChain.m; sourceTree = "<group>"; };
		0F38E8D4204AC26100C9AEFC /* NSColor+LX.h */ = {isa = PBXFileReference; fileEncoding = 4; lastKnownFileType = sourcecode.c.h; path = "NSColor+LX.h"; sourceTree = "<group>"; };
		0F38E8D5204AC26100C9AEFC /* NSColor+LX.m */ = {isa = PBXFileReference; fileEncoding = 4; lastKnownFileType = sourcecode.c.objc; path = "NSColor+LX.m"; sourceTree = "<group>"; };
		0FB87EA01D7479B600E1680B /* AA3DESManager.h */ = {isa = PBXFileReference; fileEncoding = 4; lastKnownFileType = sourcecode.c.h; path = AA3DESManager.h; sourceTree = "<group>"; };
		0FB87EA11D7479B600E1680B /* AA3DESManager.m */ = {isa = PBXFileReference; fileEncoding = 4; lastKnownFileType = sourcecode.c.objc; path = AA3DESManager.m; sourceTree = "<group>"; };
		0FB87EA31D7479B600E1680B /* GTMBase64.h */ = {isa = PBXFileReference; fileEncoding = 4; lastKnownFileType = sourcecode.c.h; path = GTMBase64.h; sourceTree = "<group>"; };
		0FB87EA41D7479B600E1680B /* GTMBase64.m */ = {isa = PBXFileReference; fileEncoding = 4; lastKnownFileType = sourcecode.c.objc; path = GTMBase64.m; sourceTree = "<group>"; };
		0FB87EA51D7479B600E1680B /* GTMDefines.h */ = {isa = PBXFileReference; fileEncoding = 4; lastKnownFileType = sourcecode.c.h; path = GTMDefines.h; sourceTree = "<group>"; };
		0FB87EA71D7479B600E1680B /* CCMBase64.h */ = {isa = PBXFileReference; fileEncoding = 4; lastKnownFileType = sourcecode.c.h; path = CCMBase64.h; sourceTree = "<group>"; };
		0FB87EA81D7479B600E1680B /* CCMBase64.m */ = {isa = PBXFileReference; fileEncoding = 4; lastKnownFileType = sourcecode.c.objc; path = CCMBase64.m; sourceTree = "<group>"; };
		0FB87EA91D7479B600E1680B /* CCMCryptor.h */ = {isa = PBXFileReference; fileEncoding = 4; lastKnownFileType = sourcecode.c.h; path = CCMCryptor.h; sourceTree = "<group>"; };
		0FB87EAA1D7479B600E1680B /* CCMCryptor.m */ = {isa = PBXFileReference; fileEncoding = 4; lastKnownFileType = sourcecode.c.objc; path = CCMCryptor.m; sourceTree = "<group>"; };
		0FB87EAB1D7479B600E1680B /* CCMKeyLoader.h */ = {isa = PBXFileReference; fileEncoding = 4; lastKnownFileType = sourcecode.c.h; path = CCMKeyLoader.h; sourceTree = "<group>"; };
		0FB87EAC1D7479B600E1680B /* CCMKeyLoader.m */ = {isa = PBXFileReference; fileEncoding = 4; lastKnownFileType = sourcecode.c.objc; path = CCMKeyLoader.m; sourceTree = "<group>"; };
		0FB87EAD1D7479B600E1680B /* CCMPrivateKey.h */ = {isa = PBXFileReference; fileEncoding = 4; lastKnownFileType = sourcecode.c.h; path = CCMPrivateKey.h; sourceTree = "<group>"; };
		0FB87EAE1D7479B600E1680B /* CCMPrivateKey.m */ = {isa = PBXFileReference; fileEncoding = 4; lastKnownFileType = sourcecode.c.objc; path = CCMPrivateKey.m; sourceTree = "<group>"; };
		0FB87EAF1D7479B600E1680B /* CCMPrivateKey_internal.h */ = {isa = PBXFileReference; fileEncoding = 4; lastKnownFileType = sourcecode.c.h; path = CCMPrivateKey_internal.h; sourceTree = "<group>"; };
		0FB87EB01D7479B600E1680B /* CCMPublicKey.h */ = {isa = PBXFileReference; fileEncoding = 4; lastKnownFileType = sourcecode.c.h; path = CCMPublicKey.h; sourceTree = "<group>"; };
		0FB87EB11D7479B600E1680B /* CCMPublicKey.m */ = {isa = PBXFileReference; fileEncoding = 4; lastKnownFileType = sourcecode.c.objc; path = CCMPublicKey.m; sourceTree = "<group>"; };
		0FB87EB21D7479B600E1680B /* CCMPublicKey_internal.h */ = {isa = PBXFileReference; fileEncoding = 4; lastKnownFileType = sourcecode.c.h; path = CCMPublicKey_internal.h; sourceTree = "<group>"; };
		0FB87EB31D7479B600E1680B /* CSSMRSACryptor.h */ = {isa = PBXFileReference; fileEncoding = 4; lastKnownFileType = sourcecode.c.h; path = CSSMRSACryptor.h; sourceTree = "<group>"; };
		0FB87EB41D7479B600E1680B /* CSSMRSACryptor.m */ = {isa = PBXFileReference; fileEncoding = 4; lastKnownFileType = sourcecode.c.objc; path = CSSMRSACryptor.m; sourceTree = "<group>"; };
		0FB87EB51D7479B600E1680B /* LXLicenseTool.h */ = {isa = PBXFileReference; fileEncoding = 4; lastKnownFileType = sourcecode.c.h; path = LXLicenseTool.h; sourceTree = "<group>"; };
		0FB87EB61D7479B600E1680B /* LXLicenseTool.m */ = {isa = PBXFileReference; fileEncoding = 4; lastKnownFileType = sourcecode.c.objc; path = LXLicenseTool.m; sourceTree = "<group>"; };
		0FC11A8C1DEABAA300439589 /* TestAAgentViewInit.h */ = {isa = PBXFileReference; fileEncoding = 4; lastKnownFileType = sourcecode.c.h; path = TestAAgentViewInit.h; sourceTree = "<group>"; };
		0FC11A8D1DEABAA300439589 /* TestAAgentViewInit.m */ = {isa = PBXFileReference; fileEncoding = 4; lastKnownFileType = sourcecode.c.objc; path = TestAAgentViewInit.m; sourceTree = "<group>"; };
		0FD48CEE1DB34E4000B76114 /* FBErrorBuilder.h */ = {isa = PBXFileReference; fileEncoding = 4; lastKnownFileType = sourcecode.c.h; path = FBErrorBuilder.h; sourceTree = "<group>"; };
		0FD48CEF1DB34E4000B76114 /* FBErrorBuilder.m */ = {isa = PBXFileReference; fileEncoding = 4; lastKnownFileType = sourcecode.c.objc; path = FBErrorBuilder.m; sourceTree = "<group>"; };
		0FD48CF21DB34E4000B76114 /* TestAAgentServerRequestCommands.h */ = {isa = PBXFileReference; fileEncoding = 4; lastKnownFileType = sourcecode.c.h; path = TestAAgentServerRequestCommands.h; sourceTree = "<group>"; };
		0FD48CF31DB34E4000B76114 /* TestAAgentServerRequestCommands.m */ = {isa = PBXFileReference; fileEncoding = 4; lastKnownFileType = sourcecode.c.objc; path = TestAAgentServerRequestCommands.m; sourceTree = "<group>"; };
		0FD48CF41DB34E4000B76114 /* TestAAgentTool.h */ = {isa = PBXFileReference; fileEncoding = 4; lastKnownFileType = sourcecode.c.h; path = TestAAgentTool.h; sourceTree = "<group>"; };
		0FD48CF51DB34E4000B76114 /* TestAAgentTool.m */ = {isa = PBXFileReference; fileEncoding = 4; lastKnownFileType = sourcecode.c.objc; path = TestAAgentTool.m; sourceTree = "<group>"; };
		0FD48CF61DB34E4000B76114 /* TestAElementTypeTransformer.h */ = {isa = PBXFileReference; fileEncoding = 4; lastKnownFileType = sourcecode.c.h; path = TestAElementTypeTransformer.h; sourceTree = "<group>"; };
		0FD48CF71DB34E4000B76114 /* TestAElementTypeTransformer.m */ = {isa = PBXFileReference; fileEncoding = 4; lastKnownFileType = sourcecode.c.objc; path = TestAElementTypeTransformer.m; sourceTree = "<group>"; };
		0FD48CF81DB34E4000B76114 /* TestWaAgentGeneral.h */ = {isa = PBXFileReference; fileEncoding = 4; lastKnownFileType = sourcecode.c.h; path = TestWaAgentGeneral.h; sourceTree = "<group>"; };
		0FD48D051DB34E4F00B76114 /* Peertalk.h */ = {isa = PBXFileReference; fileEncoding = 4; lastKnownFileType = sourcecode.c.h; path = Peertalk.h; sourceTree = "<group>"; };
		0FD48D061DB34E4F00B76114 /* prefix.pch */ = {isa = PBXFileReference; fileEncoding = 4; lastKnownFileType = sourcecode.c.h; path = prefix.pch; sourceTree = "<group>"; };
		0FD48D071DB34E4F00B76114 /* PTChannel.h */ = {isa = PBXFileReference; fileEncoding = 4; lastKnownFileType = sourcecode.c.h; path = PTChannel.h; sourceTree = "<group>"; };
		0FD48D081DB34E4F00B76114 /* PTChannel.m */ = {isa = PBXFileReference; fileEncoding = 4; lastKnownFileType = sourcecode.c.objc; path = PTChannel.m; sourceTree = "<group>"; };
		0FD48D091DB34E4F00B76114 /* PTPrivate.h */ = {isa = PBXFileReference; fileEncoding = 4; lastKnownFileType = sourcecode.c.h; path = PTPrivate.h; sourceTree = "<group>"; };
		0FD48D0A1DB34E4F00B76114 /* PTProtocol.h */ = {isa = PBXFileReference; fileEncoding = 4; lastKnownFileType = sourcecode.c.h; path = PTProtocol.h; sourceTree = "<group>"; };
		0FD48D0B1DB34E4F00B76114 /* PTProtocol.m */ = {isa = PBXFileReference; fileEncoding = 4; lastKnownFileType = sourcecode.c.objc; path = PTProtocol.m; sourceTree = "<group>"; };
		0FD48D0C1DB34E4F00B76114 /* PTUSBHub.h */ = {isa = PBXFileReference; fileEncoding = 4; lastKnownFileType = sourcecode.c.h; path = PTUSBHub.h; sourceTree = "<group>"; };
		0FD48D0D1DB34E4F00B76114 /* PTUSBHub.m */ = {isa = PBXFileReference; fileEncoding = 4; lastKnownFileType = sourcecode.c.objc; path = PTUSBHub.m; sourceTree = "<group>"; };
/* End PBXFileReference section */

/* Begin PBXFrameworksBuildPhase section */
		0F04886F1CE0762900375563 /* Frameworks */ = {
			isa = PBXFrameworksBuildPhase;
			buildActionMask = 2147483647;
			files = (
				0F0488771CE0762900375563 /* Cocoa.framework in Frameworks */,
			);
			runOnlyForDeploymentPostprocessing = 0;
		};
		0F0488871CE0762900375563 /* Frameworks */ = {
			isa = PBXFrameworksBuildPhase;
			buildActionMask = 2147483647;
			files = (
				0F04888D1CE0762900375563 /* Cocoa.framework in Frameworks */,
				0F04888C1CE0762900375563 /* XCTest.framework in Frameworks */,
				0F0488901CE0762A00375563 /* LXTool.framework in Frameworks */,
			);
			runOnlyForDeploymentPostprocessing = 0;
		};
/* End PBXFrameworksBuildPhase section */

/* Begin PBXGroup section */
		0F0488691CE0762900375563 = {
			isa = PBXGroup;
			children = (
				0FD48CED1DB34E4000B76114 /* Agent */,
				0F0488BA1CE077FC00375563 /* License Control */,
				0F0488AF1CE0778300375563 /* LXDictObject */,
				0F0488A21CE0764B00375563 /* Ext */,
				0F0488A11CE0763E00375563 /* Utility */,
				0F04887C1CE0762900375563 /* LXTool */,
				0F0488911CE0762A00375563 /* LXToolTests */,
				0F0488751CE0762900375563 /* Frameworks */,
				0F0488741CE0762900375563 /* Products */,
			);
			sourceTree = "<group>";
		};
		0F0488741CE0762900375563 /* Products */ = {
			isa = PBXGroup;
			children = (
				0F0488731CE0762900375563 /* LXTool.framework */,
				0F04888A1CE0762900375563 /* LXToolTests.xctest */,
			);
			name = Products;
			sourceTree = "<group>";
		};
		0F0488751CE0762900375563 /* Frameworks */ = {
			isa = PBXGroup;
			children = (
				0F0488761CE0762900375563 /* Cocoa.framework */,
				0F04888B1CE0762900375563 /* XCTest.framework */,
				0F0488781CE0762900375563 /* Other Frameworks */,
			);
			name = Frameworks;
			sourceTree = "<group>";
		};
		0F0488781CE0762900375563 /* Other Frameworks */ = {
			isa = PBXGroup;
			children = (
				0F0488791CE0762900375563 /* Foundation.framework */,
				0F04887A1CE0762900375563 /* CoreData.framework */,
				0F04887B1CE0762900375563 /* AppKit.framework */,
			);
			name = "Other Frameworks";
			sourceTree = "<group>";
		};
		0F04887C1CE0762900375563 /* LXTool */ = {
			isa = PBXGroup;
			children = (
				0F0488831CE0762900375563 /* LXTool.h */,
				0F0488841CE0762900375563 /* LXTool.m */,
				0F04887D1CE0762900375563 /* Supporting Files */,
			);
			path = LXTool;
			sourceTree = "<group>";
		};
		0F04887D1CE0762900375563 /* Supporting Files */ = {
			isa = PBXGroup;
			children = (
				0F04887E1CE0762900375563 /* LXTool-Info.plist */,
				0F04887F1CE0762900375563 /* InfoPlist.strings */,
				0F0488821CE0762900375563 /* LXTool-Prefix.pch */,
			);
			name = "Supporting Files";
			sourceTree = "<group>";
		};
		0F0488911CE0762A00375563 /* LXToolTests */ = {
			isa = PBXGroup;
			children = (
				0F0488971CE0762A00375563 /* LXToolTests.m */,
				0F0488921CE0762A00375563 /* Supporting Files */,
			);
			path = LXToolTests;
			sourceTree = "<group>";
		};
		0F0488921CE0762A00375563 /* Supporting Files */ = {
			isa = PBXGroup;
			children = (
				0F0488931CE0762A00375563 /* LXToolTests-Info.plist */,
				0F0488941CE0762A00375563 /* InfoPlist.strings */,
			);
			name = "Supporting Files";
			sourceTree = "<group>";
		};
		0F0488A11CE0763E00375563 /* Utility */ = {
			isa = PBXGroup;
			children = (
				0F0488A31CE0772D00375563 /* ANSIUtility.h */,
				0F0488A41CE0772D00375563 /* ANSIUtility.m */,
				0F0488A51CE0772D00375563 /* Utility.h */,
				0F0488A61CE0772D00375563 /* Utility.m */,
			);
			name = Utility;
			path = LXTool/Utility;
			sourceTree = "<group>";
		};
		0F0488A21CE0764B00375563 /* Ext */ = {
			isa = PBXGroup;
			children = (
				0F0488AB1CE0775B00375563 /* NSString+TrimLeadingWhitespace.h */,
				0F0488AC1CE0775B00375563 /* NSString+TrimLeadingWhitespace.m */,
				0F38E8D4204AC26100C9AEFC /* NSColor+LX.h */,
				0F38E8D5204AC26100C9AEFC /* NSColor+LX.m */,
			);
			name = Ext;
			path = LXTool/Ext;
			sourceTree = "<group>";
		};
		0F0488AF1CE0778300375563 /* LXDictObject */ = {
			isa = PBXGroup;
			children = (
				0F0488B01CE0778300375563 /* LXIvar.h */,
				0F0488B11CE0778300375563 /* LXIvar.m */,
				0F0488B21CE0778300375563 /* NSObject+LXDict.h */,
				0F0488B31CE0778300375563 /* NSObject+LXDict.m */,
			);
			path = LXDictObject;
			sourceTree = "<group>";
		};
		0F0488BA1CE077FC00375563 /* License Control */ = {
			isa = PBXGroup;
			children = (
				0FB87E9F1D7479B600E1680B /* AA3DES */,
				0FB87EA61D7479B600E1680B /* CocoaCryptoMac */,
				0FB87EB51D7479B600E1680B /* LXLicenseTool.h */,
				0FB87EB61D7479B600E1680B /* LXLicenseTool.m */,
				0F0488BB1CE077FC00375563 /* LXKeyChain.h */,
				0F0488BC1CE077FC00375563 /* LXKeyChain.m */,
			);
			path = "License Control";
			sourceTree = "<group>";
		};
		0FB87E9F1D7479B600E1680B /* AA3DES */ = {
			isa = PBXGroup;
			children = (
				0FB87EA01D7479B600E1680B /* AA3DESManager.h */,
				0FB87EA11D7479B600E1680B /* AA3DESManager.m */,
				0FB87EA21D7479B600E1680B /* Base64 */,
			);
			path = AA3DES;
			sourceTree = "<group>";
		};
		0FB87EA21D7479B600E1680B /* Base64 */ = {
			isa = PBXGroup;
			children = (
				0FB87EA31D7479B600E1680B /* GTMBase64.h */,
				0FB87EA41D7479B600E1680B /* GTMBase64.m */,
				0FB87EA51D7479B600E1680B /* GTMDefines.h */,
			);
			path = Base64;
			sourceTree = "<group>";
		};
		0FB87EA61D7479B600E1680B /* CocoaCryptoMac */ = {
			isa = PBXGroup;
			children = (
				0FB87EA71D7479B600E1680B /* CCMBase64.h */,
				0FB87EA81D7479B600E1680B /* CCMBase64.m */,
				0FB87EA91D7479B600E1680B /* CCMCryptor.h */,
				0FB87EAA1D7479B600E1680B /* CCMCryptor.m */,
				0FB87EAB1D7479B600E1680B /* CCMKeyLoader.h */,
				0FB87EAC1D7479B600E1680B /* CCMKeyLoader.m */,
				0FB87EAD1D7479B600E1680B /* CCMPrivateKey.h */,
				0FB87EAE1D7479B600E1680B /* CCMPrivateKey.m */,
				0FB87EAF1D7479B600E1680B /* CCMPrivateKey_internal.h */,
				0FB87EB01D7479B600E1680B /* CCMPublicKey.h */,
				0FB87EB11D7479B600E1680B /* CCMPublicKey.m */,
				0FB87EB21D7479B600E1680B /* CCMPublicKey_internal.h */,
				0FB87EB31D7479B600E1680B /* CSSMRSACryptor.h */,
				0FB87EB41D7479B600E1680B /* CSSMRSACryptor.m */,
			);
			path = CocoaCryptoMac;
			sourceTree = "<group>";
		};
		0FD48CED1DB34E4000B76114 /* Agent */ = {
			isa = PBXGroup;
			children = (
				0FD48D041DB34E4F00B76114 /* PeerTalk */,
				0FD48CEE1DB34E4000B76114 /* FBErrorBuilder.h */,
				0FD48CEF1DB34E4000B76114 /* FBErrorBuilder.m */,
				0FD48CF21DB34E4000B76114 /* TestAAgentServerRequestCommands.h */,
				0FD48CF31DB34E4000B76114 /* TestAAgentServerRequestCommands.m */,
				0FD48CF41DB34E4000B76114 /* TestAAgentTool.h */,
				0FD48CF51DB34E4000B76114 /* TestAAgentTool.m */,
				0FC11A8C1DEABAA300439589 /* TestAAgentViewInit.h */,
				0FC11A8D1DEABAA300439589 /* TestAAgentViewInit.m */,
				0FD48CF61DB34E4000B76114 /* TestAElementTypeTransformer.h */,
				0FD48CF71DB34E4000B76114 /* TestAElementTypeTransformer.m */,
				0FD48CF81DB34E4000B76114 /* TestWaAgentGeneral.h */,
			);
			path = Agent;
			sourceTree = "<group>";
		};
		0FD48D041DB34E4F00B76114 /* PeerTalk */ = {
			isa = PBXGroup;
			children = (
				0FD48D051DB34E4F00B76114 /* Peertalk.h */,
				0FD48D061DB34E4F00B76114 /* prefix.pch */,
				0FD48D071DB34E4F00B76114 /* PTChannel.h */,
				0FD48D081DB34E4F00B76114 /* PTChannel.m */,
				0FD48D091DB34E4F00B76114 /* PTPrivate.h */,
				0FD48D0A1DB34E4F00B76114 /* PTProtocol.h */,
				0FD48D0B1DB34E4F00B76114 /* PTProtocol.m */,
				0FD48D0C1DB34E4F00B76114 /* PTUSBHub.h */,
				0FD48D0D1DB34E4F00B76114 /* PTUSBHub.m */,
			);
			path = PeerTalk;
			sourceTree = "<group>";
		};
/* End PBXGroup section */

/* Begin PBXHeadersBuildPhase section */
		0F0488701CE0762900375563 /* Headers */ = {
			isa = PBXHeadersBuildPhase;
			buildActionMask = 2147483647;
			files = (
				0FB87EC01D7479B600E1680B /* CCMKeyLoader.h in Headers */,
				0F0488C31CE07ABE00375563 /* LXTool.h in Headers */,
				0FB87EB71D7479B600E1680B /* AA3DESManager.h in Headers */,
				0FB87EC81D7479B600E1680B /* CSSMRSACryptor.h in Headers */,
				0FD48D131DB34E4F00B76114 /* PTProtocol.h in Headers */,
				0FB87EC71D7479B600E1680B /* CCMPublicKey_internal.h in Headers */,
				0FB87EBB1D7479B600E1680B /* GTMDefines.h in Headers */,
				0FD48CFF1DB34E4000B76114 /* TestAAgentTool.h in Headers */,
				0FD48D031DB34E4000B76114 /* TestWaAgentGeneral.h in Headers */,
				0FC11A8E1DEABAA300439589 /* TestAAgentViewInit.h in Headers */,
				0FD48D011DB34E4000B76114 /* TestAElementTypeTransformer.h in Headers */,
				0F38E8D6204AC26100C9AEFC /* NSColor+LX.h in Headers */,
				0FB87ECA1D7479B600E1680B /* LXLicenseTool.h in Headers */,
				0FB87EC21D7479B600E1680B /* CCMPrivateKey.h in Headers */,
				0F0488A91CE0772D00375563 /* Utility.h in Headers */,
				0FB87EBE1D7479B600E1680B /* CCMCryptor.h in Headers */,
				0FD48D0E1DB34E4F00B76114 /* Peertalk.h in Headers */,
				0FB87EC41D7479B600E1680B /* CCMPrivateKey_internal.h in Headers */,
				0FB87EBC1D7479B600E1680B /* CCMBase64.h in Headers */,
				0FD48D151DB34E4F00B76114 /* PTUSBHub.h in Headers */,
				0FD48D0F1DB34E4F00B76114 /* prefix.pch in Headers */,
				0F0488AD1CE0775B00375563 /* NSString+TrimLeadingWhitespace.h in Headers */,
				0FB87EB91D7479B600E1680B /* GTMBase64.h in Headers */,
				0F0488A71CE0772D00375563 /* ANSIUtility.h in Headers */,
				0FD48CFD1DB34E4000B76114 /* TestAAgentServerRequestCommands.h in Headers */,
				0F0488B71CE0778300375563 /* NSObject+LXDict.h in Headers */,
				0F0488BF1CE077FC00375563 /* LXKeyChain.h in Headers */,
				0F0488B51CE0778300375563 /* LXIvar.h in Headers */,
				0FD48D121DB34E4F00B76114 /* PTPrivate.h in Headers */,
				0FB87EC51D7479B600E1680B /* CCMPublicKey.h in Headers */,
				0FD48D101DB34E4F00B76114 /* PTChannel.h in Headers */,
				0FD48CF91DB34E4000B76114 /* FBErrorBuilder.h in Headers */,
			);
			runOnlyForDeploymentPostprocessing = 0;
		};
/* End PBXHeadersBuildPhase section */

/* Begin PBXNativeTarget section */
		0F0488721CE0762900375563 /* LXTool */ = {
			isa = PBXNativeTarget;
			buildConfigurationList = 0F04889B1CE0762A00375563 /* Build configuration list for PBXNativeTarget "LXTool" */;
			buildPhases = (
				0F04886E1CE0762900375563 /* Sources */,
				0F04886F1CE0762900375563 /* Frameworks */,
				0F0488701CE0762900375563 /* Headers */,
				0F0488711CE0762900375563 /* Resources */,
			);
			buildRules = (
			);
			dependencies = (
			);
			name = LXTool;
			productName = LXTool;
			productReference = 0F0488731CE0762900375563 /* LXTool.framework */;
			productType = "com.apple.product-type.framework";
		};
		0F0488891CE0762900375563 /* LXToolTests */ = {
			isa = PBXNativeTarget;
			buildConfigurationList = 0F04889E1CE0762A00375563 /* Build configuration list for PBXNativeTarget "LXToolTests" */;
			buildPhases = (
				0F0488861CE0762900375563 /* Sources */,
				0F0488871CE0762900375563 /* Frameworks */,
				0F0488881CE0762900375563 /* Resources */,
			);
			buildRules = (
			);
			dependencies = (
				0F04888F1CE0762A00375563 /* PBXTargetDependency */,
			);
			name = LXToolTests;
			productName = LXToolTests;
			productReference = 0F04888A1CE0762900375563 /* LXToolTests.xctest */;
			productType = "com.apple.product-type.bundle.unit-test";
		};
/* End PBXNativeTarget section */

/* Begin PBXProject section */
		0F04886A1CE0762900375563 /* Project object */ = {
			isa = PBXProject;
			attributes = {
				LastUpgradeCheck = 0510;
				ORGANIZATIONNAME = xinliu;
				TargetAttributes = {
					0F0488891CE0762900375563 = {
						TestTargetID = 0F0488721CE0762900375563;
					};
				};
			};
			buildConfigurationList = 0F04886D1CE0762900375563 /* Build configuration list for PBXProject "LXTool" */;
			compatibilityVersion = "Xcode 3.2";
			developmentRegion = English;
			hasScannedForEncodings = 0;
			knownRegions = (
				en,
			);
			mainGroup = 0F0488691CE0762900375563;
			productRefGroup = 0F0488741CE0762900375563 /* Products */;
			projectDirPath = "";
			projectRoot = "";
			targets = (
				0F0488721CE0762900375563 /* LXTool */,
				0F0488891CE0762900375563 /* LXToolTests */,
			);
		};
/* End PBXProject section */

/* Begin PBXResourcesBuildPhase section */
		0F0488711CE0762900375563 /* Resources */ = {
			isa = PBXResourcesBuildPhase;
			buildActionMask = 2147483647;
			files = (
				0F0488811CE0762900375563 /* InfoPlist.strings in Resources */,
			);
			runOnlyForDeploymentPostprocessing = 0;
		};
		0F0488881CE0762900375563 /* Resources */ = {
			isa = PBXResourcesBuildPhase;
			buildActionMask = 2147483647;
			files = (
				0F0488961CE0762A00375563 /* InfoPlist.strings in Resources */,
			);
			runOnlyForDeploymentPostprocessing = 0;
		};
/* End PBXResourcesBuildPhase section */

/* Begin PBXSourcesBuildPhase section */
		0F04886E1CE0762900375563 /* Sources */ = {
			isa = PBXSourcesBuildPhase;
			buildActionMask = 2147483647;
			files = (
				0F38E8D7204AC26100C9AEFC /* NSColor+LX.m in Sources */,
				0F0488B61CE0778300375563 /* LXIvar.m in Sources */,
				0F0488B81CE0778300375563 /* NSObject+LXDict.m in Sources */,
				0FB87EBD1D7479B600E1680B /* CCMBase64.m in Sources */,
				0F0488C01CE077FC00375563 /* LXKeyChain.m in Sources */,
				0FB87EC11D7479B600E1680B /* CCMKeyLoader.m in Sources */,
				0FD48D021DB34E4000B76114 /* TestAElementTypeTransformer.m in Sources */,
				0F0488851CE0762900375563 /* LXTool.m in Sources */,
				0FB87EC61D7479B600E1680B /* CCMPublicKey.m in Sources */,
				0FB87EC31D7479B600E1680B /* CCMPrivateKey.m in Sources */,
				0FD48D111DB34E4F00B76114 /* PTChannel.m in Sources */,
				0FD48D161DB34E4F00B76114 /* PTUSBHub.m in Sources */,
				0F0488AA1CE0772D00375563 /* Utility.m in Sources */,
				0F0488AE1CE0775B00375563 /* NSString+TrimLeadingWhitespace.m in Sources */,
				0FD48CFE1DB34E4000B76114 /* TestAAgentServerRequestCommands.m in Sources */,
				0FC11A8F1DEABAA300439589 /* TestAAgentViewInit.m in Sources */,
				0FD48CFA1DB34E4000B76114 /* FBErrorBuilder.m in Sources */,
				0FD48D141DB34E4F00B76114 /* PTProtocol.m in Sources */,
				0FB87EC91D7479B600E1680B /* CSSMRSACryptor.m in Sources */,
				0FB87EBF1D7479B600E1680B /* CCMCryptor.m in Sources */,
				0FB87EB81D7479B600E1680B /* AA3DESManager.m in Sources */,
				0FB87EBA1D7479B600E1680B /* GTMBase64.m in Sources */,
				0FD48D001DB34E4000B76114 /* TestAAgentTool.m in Sources */,
				0F0488A81CE0772D00375563 /* ANSIUtility.m in Sources */,
				0FB87ECB1D7479B600E1680B /* LXLicenseTool.m in Sources */,
			);
			runOnlyForDeploymentPostprocessing = 0;
		};
		0F0488861CE0762900375563 /* Sources */ = {
			isa = PBXSourcesBuildPhase;
			buildActionMask = 2147483647;
			files = (
				0F0488981CE0762A00375563 /* LXToolTests.m in Sources */,
			);
			runOnlyForDeploymentPostprocessing = 0;
		};
/* End PBXSourcesBuildPhase section */

/* Begin PBXTargetDependency section */
		0F04888F1CE0762A00375563 /* PBXTargetDependency */ = {
			isa = PBXTargetDependency;
			target = 0F0488721CE0762900375563 /* LXTool */;
			targetProxy = 0F04888E1CE0762A00375563 /* PBXContainerItemProxy */;
		};
/* End PBXTargetDependency section */

/* Begin PBXVariantGroup section */
		0F04887F1CE0762900375563 /* InfoPlist.strings */ = {
			isa = PBXVariantGroup;
			children = (
				0F0488801CE0762900375563 /* en */,
			);
			name = InfoPlist.strings;
			sourceTree = "<group>";
		};
		0F0488941CE0762A00375563 /* InfoPlist.strings */ = {
			isa = PBXVariantGroup;
			children = (
				0F0488951CE0762A00375563 /* en */,
			);
			name = InfoPlist.strings;
			sourceTree = "<group>";
		};
/* End PBXVariantGroup section */

/* Begin XCBuildConfiguration section */
		0F0488991CE0762A00375563 /* Debug */ = {
			isa = XCBuildConfiguration;
			buildSettings = {
				ALWAYS_SEARCH_USER_PATHS = NO;
				CLANG_CXX_LANGUAGE_STANDARD = "gnu++0x";
				CLANG_CXX_LIBRARY = "libc++";
				CLANG_ENABLE_MODULES = YES;
				CLANG_ENABLE_OBJC_ARC = YES;
				CLANG_WARN_BOOL_CONVERSION = YES;
				CLANG_WARN_CONSTANT_CONVERSION = YES;
				CLANG_WARN_DIRECT_OBJC_ISA_USAGE = YES_ERROR;
				CLANG_WARN_EMPTY_BODY = YES;
				CLANG_WARN_ENUM_CONVERSION = YES;
				CLANG_WARN_INT_CONVERSION = YES;
				CLANG_WARN_OBJC_ROOT_CLASS = YES_ERROR;
				CLANG_WARN__DUPLICATE_METHOD_MATCH = YES;
				COPY_PHASE_STRIP = NO;
				GCC_C_LANGUAGE_STANDARD = gnu99;
				GCC_DYNAMIC_NO_PIC = NO;
				GCC_ENABLE_OBJC_EXCEPTIONS = YES;
				GCC_OPTIMIZATION_LEVEL = 0;
				GCC_PREPROCESSOR_DEFINITIONS = (
					"DEBUG=1",
					"$(inherited)",
				);
				GCC_SYMBOLS_PRIVATE_EXTERN = NO;
				GCC_WARN_64_TO_32_BIT_CONVERSION = YES;
				GCC_WARN_ABOUT_RETURN_TYPE = YES_ERROR;
				GCC_WARN_UNDECLARED_SELECTOR = YES;
				GCC_WARN_UNINITIALIZED_AUTOS = YES_AGGRESSIVE;
				GCC_WARN_UNUSED_FUNCTION = YES;
				GCC_WARN_UNUSED_VARIABLE = YES;
				MACOSX_DEPLOYMENT_TARGET = 10.9;
				ONLY_ACTIVE_ARCH = YES;
				SDKROOT = macosx;
			};
			name = Debug;
		};
		0F04889A1CE0762A00375563 /* Release */ = {
			isa = XCBuildConfiguration;
			buildSettings = {
				ALWAYS_SEARCH_USER_PATHS = NO;
				CLANG_CXX_LANGUAGE_STANDARD = "gnu++0x";
				CLANG_CXX_LIBRARY = "libc++";
				CLANG_ENABLE_MODULES = YES;
				CLANG_ENABLE_OBJC_ARC = YES;
				CLANG_WARN_BOOL_CONVERSION = YES;
				CLANG_WARN_CONSTANT_CONVERSION = YES;
				CLANG_WARN_DIRECT_OBJC_ISA_USAGE = YES_ERROR;
				CLANG_WARN_EMPTY_BODY = YES;
				CLANG_WARN_ENUM_CONVERSION = YES;
				CLANG_WARN_INT_CONVERSION = YES;
				CLANG_WARN_OBJC_ROOT_CLASS = YES_ERROR;
				CLANG_WARN__DUPLICATE_METHOD_MATCH = YES;
				COPY_PHASE_STRIP = YES;
				DEBUG_INFORMATION_FORMAT = "dwarf-with-dsym";
				ENABLE_NS_ASSERTIONS = NO;
				GCC_C_LANGUAGE_STANDARD = gnu99;
				GCC_ENABLE_OBJC_EXCEPTIONS = YES;
				GCC_WARN_64_TO_32_BIT_CONVERSION = YES;
				GCC_WARN_ABOUT_RETURN_TYPE = YES_ERROR;
				GCC_WARN_UNDECLARED_SELECTOR = YES;
				GCC_WARN_UNINITIALIZED_AUTOS = YES_AGGRESSIVE;
				GCC_WARN_UNUSED_FUNCTION = YES;
				GCC_WARN_UNUSED_VARIABLE = YES;
				MACOSX_DEPLOYMENT_TARGET = 10.9;
				SDKROOT = macosx;
			};
			name = Release;
		};
		0F04889C1CE0762A00375563 /* Debug */ = {
			isa = XCBuildConfiguration;
			buildSettings = {
				COMBINE_HIDPI_IMAGES = YES;
				DYLIB_COMPATIBILITY_VERSION = 1;
				DYLIB_CURRENT_VERSION = 1;
				FRAMEWORK_VERSION = A;
				GCC_PRECOMPILE_PREFIX_HEADER = YES;
				GCC_PREFIX_HEADER = "LXTool/LXTool-Prefix.pch";
				INFOPLIST_FILE = "LXTool/LXTool-Info.plist";
				INSTALL_PATH = "@executable_path/../Frameworks";
				PRODUCT_NAME = "$(TARGET_NAME)";
				WRAPPER_EXTENSION = framework;
			};
			name = Debug;
		};
		0F04889D1CE0762A00375563 /* Release */ = {
			isa = XCBuildConfiguration;
			buildSettings = {
				COMBINE_HIDPI_IMAGES = YES;
				DYLIB_COMPATIBILITY_VERSION = 1;
				DYLIB_CURRENT_VERSION = 1;
				FRAMEWORK_VERSION = A;
				GCC_PRECOMPILE_PREFIX_HEADER = YES;
				GCC_PREFIX_HEADER = "LXTool/LXTool-Prefix.pch";
				INFOPLIST_FILE = "LXTool/LXTool-Info.plist";
				INSTALL_PATH = "@executable_path/../Frameworks";
				PRODUCT_NAME = "$(TARGET_NAME)";
				WRAPPER_EXTENSION = framework;
			};
			name = Release;
		};
		0F04889F1CE0762A00375563 /* Debug */ = {
			isa = XCBuildConfiguration;
			buildSettings = {
				BUNDLE_LOADER = "$(BUILT_PRODUCTS_DIR)/LXTool.framework/Versions/A/LXTool";
				COMBINE_HIDPI_IMAGES = YES;
				FRAMEWORK_SEARCH_PATHS = (
					"$(DEVELOPER_FRAMEWORKS_DIR)",
					"$(inherited)",
				);
				GCC_PRECOMPILE_PREFIX_HEADER = YES;
				GCC_PREFIX_HEADER = "LXTool/LXTool-Prefix.pch";
				GCC_PREPROCESSOR_DEFINITIONS = (
					"DEBUG=1",
					"$(inherited)",
				);
				INFOPLIST_FILE = "LXToolTests/LXToolTests-Info.plist";
				PRODUCT_NAME = "$(TARGET_NAME)";
				TEST_HOST = "$(BUNDLE_LOADER)";
				WRAPPER_EXTENSION = xctest;
			};
			name = Debug;
		};
		0F0488A01CE0762A00375563 /* Release */ = {
			isa = XCBuildConfiguration;
			buildSettings = {
				BUNDLE_LOADER = "$(BUILT_PRODUCTS_DIR)/LXTool.framework/Versions/A/LXTool";
				COMBINE_HIDPI_IMAGES = YES;
				FRAMEWORK_SEARCH_PATHS = (
					"$(DEVELOPER_FRAMEWORKS_DIR)",
					"$(inherited)",
				);
				GCC_PRECOMPILE_PREFIX_HEADER = YES;
				GCC_PREFIX_HEADER = "LXTool/LXTool-Prefix.pch";
				INFOPLIST_FILE = "LXToolTests/LXToolTests-Info.plist";
				PRODUCT_NAME = "$(TARGET_NAME)";
				TEST_HOST = "$(BUNDLE_LOADER)";
				WRAPPER_EXTENSION = xctest;
			};
			name = Release;
		};
/* End XCBuildConfiguration section */

/* Begin XCConfigurationList section */
		0F04886D1CE0762900375563 /* Build configuration list for PBXProject "LXTool" */ = {
			isa = XCConfigurationList;
			buildConfigurations = (
				0F0488991CE0762A00375563 /* Debug */,
				0F04889A1CE0762A00375563 /* Release */,
			);
			defaultConfigurationIsVisible = 0;
			defaultConfigurationName = Release;
		};
		0F04889B1CE0762A00375563 /* Build configuration list for PBXNativeTarget "LXTool" */ = {
			isa = XCConfigurationList;
			buildConfigurations = (
				0F04889C1CE0762A00375563 /* Debug */,
				0F04889D1CE0762A00375563 /* Release */,
			);
			defaultConfigurationIsVisible = 0;
			defaultConfigurationName = Release;
		};
		0F04889E1CE0762A00375563 /* Build configuration list for PBXNativeTarget "LXToolTests" */ = {
			isa = XCConfigurationList;
			buildConfigurations = (
				0F04889F1CE0762A00375563 /* Debug */,
				0F0488A01CE0762A00375563 /* Release */,
			);
			defaultConfigurationIsVisible = 0;
			defaultConfigurationName = Release;
		};
/* End XCConfigurationList section */
	};
	rootObject = 0F04886A1CE0762900375563 /* Project object */;
}
